
Microsoft Visual Studio Solution File, Format Version 12.00
# Visual Studio 2017
Project("{FAE04EC0-301F-11D3-BF4B-00C04F79EFBC}") = "Unity_Uppgift_MAPP1", "Unity_Uppgift_MAPP1.csproj", "{C89FF73E-1A96-AC6E-7A9F-480CEFFD9DE6}"
EndProject
Global
	GlobalSection(SolutionConfigurationPlatforms) = preSolution
		Debug|Any CPU = Debug|Any CPU
		Release|Any CPU = Release|Any CPU
	EndGlobalSection
	GlobalSection(ProjectConfigurationPlatforms) = postSolution
		{C89FF73E-1A96-AC6E-7A9F-480CEFFD9DE6}.Debug|Any CPU.ActiveCfg = Debug|Any CPU
		{C89FF73E-1A96-AC6E-7A9F-480CEFFD9DE6}.Debug|Any CPU.Build.0 = Debug|Any CPU
		{C89FF73E-1A96-AC6E-7A9F-480CEFFD9DE6}.Release|Any CPU.ActiveCfg = Release|Any CPU
		{C89FF73E-1A96-AC6E-7A9F-480CEFFD9DE6}.Release|Any CPU.Build.0 = Release|Any CPU
	EndGlobalSection
	GlobalSection(SolutionProperties) = preSolution
		HideSolutionNode = FALSE
	EndGlobalSection
EndGlobal
